
Microsoft Visual Studio Solution File, Format Version 12.00
# Visual Studio Version 16
VisualStudioVersion = 16.0.29613.14
MinimumVisualStudioVersion = 10.0.40219.1
Project("{FAE04EC0-301F-11D3-BF4B-00C04F79EFBC}") = "StudentSwagWebApi", "StudentSwagWebApi\StudentSwagWebApi.csproj", "{DCDCA530-FA83-4922-A2BC-8097166BE337}"
EndProject
Global
	GlobalSection(SolutionConfigurationPlatforms) = preSolution
		Debug|Any CPU = Debug|Any CPU
		Release|Any CPU = Release|Any CPU
	EndGlobalSection
	GlobalSection(ProjectConfigurationPlatforms) = postSolution
		{DCDCA530-FA83-4922-A2BC-8097166BE337}.Debug|Any CPU.ActiveCfg = Debug|Any CPU
		{DCDCA530-FA83-4922-A2BC-8097166BE337}.Debug|Any CPU.Build.0 = Debug|Any CPU
		{DCDCA530-FA83-4922-A2BC-8097166BE337}.Release|Any CPU.ActiveCfg = Release|Any CPU
		{DCDCA530-FA83-4922-A2BC-8097166BE337}.Release|Any CPU.Build.0 = Release|Any CPU
	EndGlobalSection
	GlobalSection(SolutionProperties) = preSolution
		HideSolutionNode = FALSE
	EndGlobalSection
	GlobalSection(ExtensibilityGlobals) = postSolution
		SolutionGuid = {E2FF7C45-A91B-4D6D-9A45-3C8D15E7BDB4}
	EndGlobalSection
EndGlobal
